
Microsoft Visual Studio Solution File, Format Version 12.00
# Visual Studio 15
VisualStudioVersion = 15.0.27004.2010
MinimumVisualStudioVersion = 10.0.40219.1
Project("{FAE04EC0-301F-11D3-BF4B-00C04F79EFBC}") = "WebApplication1", "WebApplication1\WebApplication1.csproj", "{8B133C95-992C-4E49-9419-14D11C41B271}"
EndProject
Global
	GlobalSection(SolutionConfigurationPlatforms) = preSolution
		Debug|Any CPU = Debug|Any CPU
		Release|Any CPU = Release|Any CPU
	EndGlobalSection
	GlobalSection(ProjectConfigurationPlatforms) = postSolution
		{8B133C95-992C-4E49-9419-14D11C41B271}.Debug|Any CPU.ActiveCfg = Debug|Any CPU
		{8B133C95-992C-4E49-9419-14D11C41B271}.Debug|Any CPU.Build.0 = Debug|Any CPU
		{8B133C95-992C-4E49-9419-14D11C41B271}.Release|Any CPU.ActiveCfg = Release|Any CPU
		{8B133C95-992C-4E49-9419-14D11C41B271}.Release|Any CPU.Build.0 = Release|Any CPU
	EndGlobalSection
	GlobalSection(SolutionProperties) = preSolution
		HideSolutionNode = FALSE
	EndGlobalSection
	GlobalSection(ExtensibilityGlobals) = postSolution
		SolutionGuid = {6B81BE1A-980A-4278-8C0D-2C0149A68071}
	EndGlobalSection
EndGlobal
